# THIS IS AN AUTOGENERATED FILE. DO NOT EDIT THIS FILE DIRECTLY.
# yarn lockfile v1


"@types/bluebird@^3.5.26":
  version "3.5.28"
  resolved "https://registry.yarnpkg.com/@types/bluebird/-/bluebird-3.5.28.tgz#04c1a520ff076649236bc8ca21198542ce2bdb09"
  integrity sha512-0Vk/kqkukxPKSzP9c8WJgisgGDx5oZDbsLLWIP5t70yThO/YleE+GEm2S1GlRALTaack3O7U5OS5qEm7q2kciA==

"@types/mysql@^2.15.2":
  version "2.15.7"
  resolved "https://registry.yarnpkg.com/@types/mysql/-/mysql-2.15.7.tgz#7b803d0d8f418ee7edbdaceb1e7a43b322b346dc"
  integrity sha512-S7cpDl+heeTe2zd7LGeAodEsx9AnkzW1vHJ9kKwr9ype1KohW01jaUmCYhpafrQvnxzcUJAfeYdDr3fET8ufPw==
  dependencies:
    "@types/node" "*"

"@types/node@*":
  version "12.12.0"
  resolved "https://registry.yarnpkg.com/@types/node/-/node-12.12.0.tgz#ff3201972d6dc851a9275308a17b9b5094e68057"
  integrity sha512-6N8Sa5AaENRtJnpKXZgvc119PKxT1Lk9VPy4kfT8JF23tIe1qDfaGkBR2DRKJFIA7NptMz+fps//C6aLi1Uoug==

bignumber.js@7.2.1:
  version "7.2.1"
  resolved "https://registry.yarnpkg.com/bignumber.js/-/bignumber.js-7.2.1.tgz#80c048759d826800807c4bfd521e50edbba57a5f"
  integrity sha512-S4XzBk5sMB+Rcb/LNcpzXr57VRTxgAvaAEDAl1AwRx27j00hT84O6OkteE7u8UB3NuaaygCRrEpqox4uDOrbdQ==

bluebird@^3.5.1, bluebird@^3.7.1:
  version "3.7.1"
  resolved "https://registry.yarnpkg.com/bluebird/-/bluebird-3.7.1.tgz#df70e302b471d7473489acf26a93d63b53f874de"
  integrity sha512-DdmyoGCleJnkbp3nkbxTLJ18rjDsE4yCggEwKNXkeV123sPNfOCYeDoeuOY+F2FrSjO1YXcTU+dsy96KMy+gcg==

cluster-key-slot@^1.1.0:
  version "1.1.0"
  resolved "https://registry.yarnpkg.com/cluster-key-slot/-/cluster-key-slot-1.1.0.tgz#30474b2a981fb12172695833052bc0d01336d10d"
  integrity sha512-2Nii8p3RwAPiFwsnZvukotvow2rIHM+yQ6ZcBXGHdniadkYGZYiGmkHJIbZPIV9nfv7m/U1IPMVVcAhoWFeklw==

core-util-is@~1.0.0:
  version "1.0.2"
  resolved "https://registry.yarnpkg.com/core-util-is/-/core-util-is-1.0.2.tgz#b5fd54220aa2bc5ab57aab7140c940754503c1a7"
  integrity sha1-tf1UIgqivFq1eqtxQMlAdUUDwac=

debug@^4.1.1:
  version "4.1.1"
  resolved "https://registry.yarnpkg.com/debug/-/debug-4.1.1.tgz#3b72260255109c6b589cee050f1d516139664791"
  integrity sha512-pYAIzeRo8J6KPEaJ0VWOh5Pzkbw/RetuzehGM7QRRX5he4fPHx2rdKMB256ehJCkX+XRQm16eZLqLNS8RSZXZw==
  dependencies:
    ms "^2.1.1"

denque@^1.1.0:
  version "1.4.1"
  resolved "https://registry.yarnpkg.com/denque/-/denque-1.4.1.tgz#6744ff7641c148c3f8a69c307e51235c1f4a37cf"
  integrity sha512-OfzPuSZKGcgr96rf1oODnfjqBFmr1DVoc/TrItj3Ohe0Ah1C5WX5Baquw/9U9KovnQ88EqmJbD66rKYUQYN1tQ==

inherits@~2.0.3:
  version "2.0.4"
  resolved "https://registry.yarnpkg.com/inherits/-/inherits-2.0.4.tgz#0fa2c64f932917c3433a0ded55363aae37416b7c"
  integrity sha512-k/vGaX4/Yla3WzyMCvTQOXYeIHvqOKtnqBduzTHpzpQZzAskKMhZ2K+EnBiSM9zGSoIFeMpXKxa4dYeZIQqewQ==

ioredis@^4.14.1:
  version "4.14.1"
  resolved "https://registry.yarnpkg.com/ioredis/-/ioredis-4.14.1.tgz#b73ded95fcf220f106d33125a92ef6213aa31318"
  integrity sha512-94W+X//GHM+1GJvDk6JPc+8qlM7Dul+9K+lg3/aHixPN7ZGkW6qlvX0DG6At9hWtH2v3B32myfZqWoANUJYGJA==
  dependencies:
    cluster-key-slot "^1.1.0"
    debug "^4.1.1"
    denque "^1.1.0"
    lodash.defaults "^4.2.0"
    lodash.flatten "^4.4.0"
    redis-commands "1.5.0"
    redis-errors "^1.2.0"
    redis-parser "^3.0.0"
    standard-as-callback "^2.0.1"

isarray@~1.0.0:
  version "1.0.0"
  resolved "https://registry.yarnpkg.com/isarray/-/isarray-1.0.0.tgz#bb935d48582cba168c06834957a54a3e07124f11"
  integrity sha1-u5NdSFgsuhaMBoNJV6VKPgcSTxE=

lodash.defaults@^4.2.0:
  version "4.2.0"
  resolved "https://registry.yarnpkg.com/lodash.defaults/-/lodash.defaults-4.2.0.tgz#d09178716ffea4dde9e5fb7b37f6f0802274580c"
  integrity sha1-0JF4cW/+pN3p5ft7N/bwgCJ0WAw=

lodash.flatten@^4.4.0:
  version "4.4.0"
  resolved "https://registry.yarnpkg.com/lodash.flatten/-/lodash.flatten-4.4.0.tgz#f31c22225a9632d2bbf8e4addbef240aa765a61f"
  integrity sha1-8xwiIlqWMtK7+OSt2+8kCqdlph8=

meeko@^1.8.29:
  version "1.8.29"
  resolved "https://registry.yarnpkg.com/meeko/-/meeko-1.8.29.tgz#205f4a0b885a8686c246ba2d348fd6c781105b0d"
  integrity sha512-UJsZMjS2xvoiVUc0Y8YMEyzlvdAauM067ZS9vQ4cP4oV11jhKK5h0FxIX6kfwhUcRVy0YUopQl2L3hbY/x/r8w==

ms@^2.1.1:
  version "2.1.2"
  resolved "https://registry.yarnpkg.com/ms/-/ms-2.1.2.tgz#d09d1f357b443f493382a8eb3ccd183872ae6009"
  integrity sha512-sGkPx+VjMtmA6MX27oA4FBFELFCZZ4S4XqeGOXCv68tT+jb3vk/RyaKWP0PTKyWtmLSM0b+adUTEvbs1PEaH2w==

mysql@^2.17.1:
  version "2.17.1"
  resolved "https://registry.yarnpkg.com/mysql/-/mysql-2.17.1.tgz#62bba4a039a9b2f73638cd1652ce50fc6f682899"
  integrity sha512-7vMqHQ673SAk5C8fOzTG2LpPcf3bNt0oL3sFpxPEEFp1mdlDcrLK0On7z8ZYKaaHrHwNcQ/MTUz7/oobZ2OyyA==
  dependencies:
    bignumber.js "7.2.1"
    readable-stream "2.3.6"
    safe-buffer "5.1.2"
    sqlstring "2.3.1"

process-nextick-args@~2.0.0:
  version "2.0.1"
  resolved "https://registry.yarnpkg.com/process-nextick-args/-/process-nextick-args-2.0.1.tgz#7820d9b16120cc55ca9ae7792680ae7dba6d7fe2"
  integrity sha512-3ouUOpQhtgrbOa17J7+uxOTpITYWaGP7/AhoR3+A+/1e9skrzelGi/dXzEYyvbxubEF6Wn2ypscTKiKJFFn1ag==

promise-mysql@^4.1.1:
  version "4.1.1"
  resolved "https://registry.yarnpkg.com/promise-mysql/-/promise-mysql-4.1.1.tgz#374d7e5789588c392faee09d5520b065609327d5"
  integrity sha512-Sw3ANQ3f/n3b0yTX0Adr7Z837Qj9JUr/TnEJv168cNe8Jx95HdNpD1s+2pS35YHTIwngGM48nwCpWDrnyIXPlQ==
  dependencies:
    "@types/bluebird" "^3.5.26"
    "@types/mysql" "^2.15.2"
    bluebird "^3.5.1"
    mysql "^2.17.1"

readable-stream@2.3.6:
  version "2.3.6"
  resolved "https://registry.yarnpkg.com/readable-stream/-/readable-stream-2.3.6.tgz#b11c27d88b8ff1fbe070643cf94b0c79ae1b0aaf"
  integrity sha512-tQtKA9WIAhBF3+VLAseyMqZeBjW0AHJoxOtYqSUZNJxauErmLbVm2FW1y+J/YA9dUrAC39ITejlZWhVIwawkKw==
  dependencies:
    core-util-is "~1.0.0"
    inherits "~2.0.3"
    isarray "~1.0.0"
    process-nextick-args "~2.0.0"
    safe-buffer "~5.1.1"
    string_decoder "~1.1.1"
    util-deprecate "~1.0.1"

redis-commands@1.5.0:
  version "1.5.0"
  resolved "https://registry.yarnpkg.com/redis-commands/-/redis-commands-1.5.0.tgz#80d2e20698fe688f227127ff9e5164a7dd17e785"
  integrity sha512-6KxamqpZ468MeQC3bkWmCB1fp56XL64D4Kf0zJSwDZbVLLm7KFkoIcHrgRvQ+sk8dnhySs7+yBg94yIkAK7aJg==

redis-errors@^1.0.0, redis-errors@^1.2.0:
  version "1.2.0"
  resolved "https://registry.yarnpkg.com/redis-errors/-/redis-errors-1.2.0.tgz#eb62d2adb15e4eaf4610c04afe1529384250abad"
  integrity sha1-62LSrbFeTq9GEMBK/hUpOEJQq60=

redis-parser@^3.0.0:
  version "3.0.0"
  resolved "https://registry.yarnpkg.com/redis-parser/-/redis-parser-3.0.0.tgz#b66d828cdcafe6b4b8a428a7def4c6bcac31c8b4"
  integrity sha1-tm2CjNyv5rS4pCin3vTGvKwxyLQ=
  dependencies:
    redis-errors "^1.0.0"

safe-buffer@5.1.2, safe-buffer@~5.1.0, safe-buffer@~5.1.1:
  version "5.1.2"
  resolved "https://registry.yarnpkg.com/safe-buffer/-/safe-buffer-5.1.2.tgz#991ec69d296e0313747d59bdfd2b745c35f8828d"
  integrity sha512-Gd2UZBJDkXlY7GbJxfsE8/nvKkUEU1G38c1siN6QP6a9PT9MmHB8GnpscSmMJSoF8LOIrt8ud/wPtojys4G6+g==

sqlstring@2.3.1:
  version "2.3.1"
  resolved "https://registry.yarnpkg.com/sqlstring/-/sqlstring-2.3.1.tgz#475393ff9e91479aea62dcaf0ca3d14983a7fb40"
  integrity sha1-R1OT/56RR5rqYtyvDKPRSYOn+0A=

standard-as-callback@^2.0.1:
  version "2.0.1"
  resolved "https://registry.yarnpkg.com/standard-as-callback/-/standard-as-callback-2.0.1.tgz#ed8bb25648e15831759b6023bdb87e6b60b38126"
  integrity sha512-NQOxSeB8gOI5WjSaxjBgog2QFw55FV8TkS6Y07BiB3VJ8xNTvUYm0wl0s8ObgQ5NhdpnNfigMIKjgPESzgr4tg==

string_decoder@~1.1.1:
  version "1.1.1"
  resolved "https://registry.yarnpkg.com/string_decoder/-/string_decoder-1.1.1.tgz#9cf1611ba62685d7030ae9e4ba34149c3af03fc8"
  integrity sha512-n/ShnvDi6FHbbVfviro+WojiFzv+s8MPMHBczVePfUpDJLwoLT0ht1l4YwBCbi8pJAveEEdnkHyPyTP/mzRfwg==
  dependencies:
    safe-buffer "~5.1.0"

util-deprecate@~1.0.1:
  version "1.0.2"
  resolved "https://registry.yarnpkg.com/util-deprecate/-/util-deprecate-1.0.2.tgz#450d4dc9fa70de732762fbd2d4a28981419a0ccf"
  integrity sha1-RQ1Nyfpw3nMnYvvS1KKJgUGaDM8=
